
Microsoft Visual Studio Solution File, Format Version 12.00
# Visual Studio Version 16
VisualStudioVersion = 16.0.28803.916
MinimumVisualStudioVersion = 10.0.40219.1
Project("{FAE04EC0-301F-11D3-BF4B-00C04F79EFBC}") = "Pclasses", "Pclasses\Pclasses.csproj", "{14CC0831-5964-4EEF-9F88-D325A1B854EB}"
EndProject
Global
	GlobalSection(SolutionConfigurationPlatforms) = preSolution
		Debug|Any CPU = Debug|Any CPU
		Release|Any CPU = Release|Any CPU
	EndGlobalSection
	GlobalSection(ProjectConfigurationPlatforms) = postSolution
		{14CC0831-5964-4EEF-9F88-D325A1B854EB}.Debug|Any CPU.ActiveCfg = Debug|Any CPU
		{14CC0831-5964-4EEF-9F88-D325A1B854EB}.Debug|Any CPU.Build.0 = Debug|Any CPU
		{14CC0831-5964-4EEF-9F88-D325A1B854EB}.Release|Any CPU.ActiveCfg = Release|Any CPU
		{14CC0831-5964-4EEF-9F88-D325A1B854EB}.Release|Any CPU.Build.0 = Release|Any CPU
	EndGlobalSection
	GlobalSection(SolutionProperties) = preSolution
		HideSolutionNode = FALSE
	EndGlobalSection
	GlobalSection(ExtensibilityGlobals) = postSolution
		SolutionGuid = {F00ECA64-D633-48FC-A6A1-9C18957414BF}
	EndGlobalSection
EndGlobal
